
Microsoft Visual Studio Solution File, Format Version 12.00
# Visual Studio Version 17
VisualStudioVersion = 17.2.32519.379
MinimumVisualStudioVersion = 10.0.40219.1
Project("{FAE04EC0-301F-11D3-BF4B-00C04F79EFBC}") = "5-задание", "5-задание\5-задание.csproj", "{01DA4188-0195-4320-A8BA-41A8E317A199}"
EndProject
Global
	GlobalSection(SolutionConfigurationPlatforms) = preSolution
		Debug|Any CPU = Debug|Any CPU
		Release|Any CPU = Release|Any CPU
	EndGlobalSection
	GlobalSection(ProjectConfigurationPlatforms) = postSolution
		{01DA4188-0195-4320-A8BA-41A8E317A199}.Debug|Any CPU.ActiveCfg = Debug|Any CPU
		{01DA4188-0195-4320-A8BA-41A8E317A199}.Debug|Any CPU.Build.0 = Debug|Any CPU
		{01DA4188-0195-4320-A8BA-41A8E317A199}.Release|Any CPU.ActiveCfg = Release|Any CPU
		{01DA4188-0195-4320-A8BA-41A8E317A199}.Release|Any CPU.Build.0 = Release|Any CPU
	EndGlobalSection
	GlobalSection(SolutionProperties) = preSolution
		HideSolutionNode = FALSE
	EndGlobalSection
	GlobalSection(ExtensibilityGlobals) = postSolution
		SolutionGuid = {B316655F-445F-4684-9443-1A1697618994}
	EndGlobalSection
EndGlobal
